
Microsoft Visual Studio Solution File, Format Version 12.00
# Visual Studio Version 16
VisualStudioVersion = 16.0.30002.166
MinimumVisualStudioVersion = 10.0.40219.1
Project("{FAE04EC0-301F-11D3-BF4B-00C04F79EFBC}") = "PART6_NULLABLE_TYPES_IN_C_SHARP", "PART6_NULLABLE_TYPES_IN_C_SHARP.csproj", "{404F80B2-D956-4529-921A-3E318D30F42B}"
EndProject
Global
	GlobalSection(SolutionConfigurationPlatforms) = preSolution
		Debug|Any CPU = Debug|Any CPU
		Release|Any CPU = Release|Any CPU
	EndGlobalSection
	GlobalSection(ProjectConfigurationPlatforms) = postSolution
		{404F80B2-D956-4529-921A-3E318D30F42B}.Debug|Any CPU.ActiveCfg = Debug|Any CPU
		{404F80B2-D956-4529-921A-3E318D30F42B}.Debug|Any CPU.Build.0 = Debug|Any CPU
		{404F80B2-D956-4529-921A-3E318D30F42B}.Release|Any CPU.ActiveCfg = Release|Any CPU
		{404F80B2-D956-4529-921A-3E318D30F42B}.Release|Any CPU.Build.0 = Release|Any CPU
	EndGlobalSection
	GlobalSection(SolutionProperties) = preSolution
		HideSolutionNode = FALSE
	EndGlobalSection
	GlobalSection(ExtensibilityGlobals) = postSolution
		SolutionGuid = {85E03041-47F4-4CD3-B2DC-A8370712878A}
	EndGlobalSection
EndGlobal
